
Microsoft Visual Studio Solution File, Format Version 12.00
# Visual Studio Version 16
VisualStudioVersion = 16.0.32228.343
MinimumVisualStudioVersion = 10.0.40219.1
Project("{FAE04EC0-301F-11D3-BF4B-00C04F79EFBC}") = "math quiz", "math quiz\math quiz.csproj", "{0F627AD0-6C38-4A2C-B324-037411944BE5}"
EndProject
Global
	GlobalSection(SolutionConfigurationPlatforms) = preSolution
		Debug|Any CPU = Debug|Any CPU
		Release|Any CPU = Release|Any CPU
	EndGlobalSection
	GlobalSection(ProjectConfigurationPlatforms) = postSolution
		{0F627AD0-6C38-4A2C-B324-037411944BE5}.Debug|Any CPU.ActiveCfg = Debug|Any CPU
		{0F627AD0-6C38-4A2C-B324-037411944BE5}.Debug|Any CPU.Build.0 = Debug|Any CPU
		{0F627AD0-6C38-4A2C-B324-037411944BE5}.Release|Any CPU.ActiveCfg = Release|Any CPU
		{0F627AD0-6C38-4A2C-B324-037411944BE5}.Release|Any CPU.Build.0 = Release|Any CPU
	EndGlobalSection
	GlobalSection(SolutionProperties) = preSolution
		HideSolutionNode = FALSE
	EndGlobalSection
	GlobalSection(ExtensibilityGlobals) = postSolution
		SolutionGuid = {70DD7C28-47C9-421F-BB24-644A36EE4DC0}
	EndGlobalSection
EndGlobal
